
Microsoft Visual Studio Solution File, Format Version 12.00
# Visual Studio 2012
Project("{FAE04EC0-301F-11D3-BF4B-00C04F79EFBC}") = "AppSwitch", "AppSwitch\AppSwitch.csproj", "{479F7882-90F9-4471-B542-366AEF98354A}"
EndProject
Global
	GlobalSection(SolutionConfigurationPlatforms) = preSolution
		Debug|Any CPU = Debug|Any CPU
		Release|Any CPU = Release|Any CPU
	EndGlobalSection
	GlobalSection(ProjectConfigurationPlatforms) = postSolution
		{479F7882-90F9-4471-B542-366AEF98354A}.Debug|Any CPU.ActiveCfg = Debug|Any CPU
		{479F7882-90F9-4471-B542-366AEF98354A}.Debug|Any CPU.Build.0 = Debug|Any CPU
		{479F7882-90F9-4471-B542-366AEF98354A}.Release|Any CPU.ActiveCfg = Release|Any CPU
		{479F7882-90F9-4471-B542-366AEF98354A}.Release|Any CPU.Build.0 = Release|Any CPU
	EndGlobalSection
	GlobalSection(SolutionProperties) = preSolution
		HideSolutionNode = FALSE
	EndGlobalSection
EndGlobal
